
Microsoft Visual Studio Solution File, Format Version 12.00
# Visual Studio Version 16
VisualStudioVersion = 16.0.31313.79
MinimumVisualStudioVersion = 10.0.40219.1
Project("{9A19103F-16F7-4668-BE54-9A1E7A4F7556}") = "BFC", "BFC\BFC.csproj", "{041D5B27-63B2-4FBD-B2C6-AEBCE1AF5894}"
EndProject
Global
	GlobalSection(SolutionConfigurationPlatforms) = preSolution
		Debug|Any CPU = Debug|Any CPU
		Release|Any CPU = Release|Any CPU
	EndGlobalSection
	GlobalSection(ProjectConfigurationPlatforms) = postSolution
		{041D5B27-63B2-4FBD-B2C6-AEBCE1AF5894}.Debug|Any CPU.ActiveCfg = Debug|Any CPU
		{041D5B27-63B2-4FBD-B2C6-AEBCE1AF5894}.Debug|Any CPU.Build.0 = Debug|Any CPU
		{041D5B27-63B2-4FBD-B2C6-AEBCE1AF5894}.Release|Any CPU.ActiveCfg = Release|Any CPU
		{041D5B27-63B2-4FBD-B2C6-AEBCE1AF5894}.Release|Any CPU.Build.0 = Release|Any CPU
	EndGlobalSection
	GlobalSection(SolutionProperties) = preSolution
		HideSolutionNode = FALSE
	EndGlobalSection
	GlobalSection(ExtensibilityGlobals) = postSolution
		SolutionGuid = {7D55FB3E-744A-4B88-AEDB-418C2C069B84}
	EndGlobalSection
EndGlobal
